// !$*UTF8*$!
{
	archiveVersion = 1;
	classes = {
	};
	objectVersion = 46;
	objects = {

/* Begin PBXBuildFile section */
		3BCD9EE5196D76A40008962E /* Foundation.framework in Frameworks */ = {isa = PBXBuildFile; fileRef = 3BCD9EE4196D76A40008962E /* Foundation.framework */; };
		3BCD9EE7196D76A40008962E /* CoreGraphics.framework in Frameworks */ = {isa = PBXBuildFile; fileRef = 3BCD9EE6196D76A40008962E /* CoreGraphics.framework */; };
		3BCD9EE9196D76A40008962E /* UIKit.framework in Frameworks */ = {isa = PBXBuildFile; fileRef = 3BCD9EE8196D76A40008962E /* UIKit.framework */; };
		3BCD9EEF196D76A40008962E /* InfoPlist.strings in Resources */ = {isa = PBXBuildFile; fileRef = 3BCD9EED196D76A40008962E /* InfoPlist.strings */; };
		3BCD9EF1196D76A40008962E /* main.m in Sources */ = {isa = PBXBuildFile; fileRef = 3BCD9EF0196D76A40008962E /* main.m */; };
		3BCD9EF5196D76A40008962E /* AppDelegate.m in Sources */ = {isa = PBXBuildFile; fileRef = 3BCD9EF4196D76A40008962E /* AppDelegate.m */; };
		3BCD9EF7196D76A40008962E /* Images.xcassets in Resources */ = {isa = PBXBuildFile; fileRef = 3BCD9EF6196D76A40008962E /* Images.xcassets */; };
		3BCD9EFE196D76A40008962E /* XCTest.framework in Frameworks */ = {isa = PBXBuildFile; fileRef = 3BCD9EFD196D76A40008962E /* XCTest.framework */; };
		3BCD9EFF196D76A40008962E /* Foundation.framework in Frameworks */ = {isa = PBXBuildFile; fileRef = 3BCD9EE4196D76A40008962E /* Foundation.framework */; };
		3BCD9F00196D76A40008962E /* UIKit.framework in Frameworks */ = {isa = PBXBuildFile; fileRef = 3BCD9EE8196D76A40008962E /* UIKit.framework */; };
		3BCD9F08196D76A40008962E /* InfoPlist.strings in Resources */ = {isa = PBXBuildFile; fileRef = 3BCD9F06196D76A40008962E /* InfoPlist.strings */; };
		3BCD9F0A196D76A40008962E /* ASIHTTPRequset_Demo_0709Tests.m in Sources */ = {isa = PBXBuildFile; fileRef = 3BCD9F09196D76A40008962E /* ASIHTTPRequset_Demo_0709Tests.m */; };
		3BCD9F15196D77FE0008962E /* WebImage.m in Sources */ = {isa = PBXBuildFile; fileRef = 3BCD9F14196D77FE0008962E /* WebImage.m */; };
		3BCD9F2E196D78690008962E /* ASIAuthenticationDialog.m in Sources */ = {isa = PBXBuildFile; fileRef = 3BCD9F18196D78690008962E /* ASIAuthenticationDialog.m */; };
		3BCD9F2F196D78690008962E /* ASIDataCompressor.m in Sources */ = {isa = PBXBuildFile; fileRef = 3BCD9F1B196D78690008962E /* ASIDataCompressor.m */; };
		3BCD9F30196D78690008962E /* ASIDataDecompressor.m in Sources */ = {isa = PBXBuildFile; fileRef = 3BCD9F1D196D78690008962E /* ASIDataDecompressor.m */; };
		3BCD9F31196D78690008962E /* ASIDownloadCache.m in Sources */ = {isa = PBXBuildFile; fileRef = 3BCD9F1F196D78690008962E /* ASIDownloadCache.m */; };
		3BCD9F32196D78690008962E /* ASIFormDataRequest.m in Sources */ = {isa = PBXBuildFile; fileRef = 3BCD9F21196D78690008962E /* ASIFormDataRequest.m */; };
		3BCD9F33196D78690008962E /* ASIHTTPRequest.m in Sources */ = {isa = PBXBuildFile; fileRef = 3BCD9F23196D78690008962E /* ASIHTTPRequest.m */; };
		3BCD9F34196D78690008962E /* ASIInputStream.m in Sources */ = {isa = PBXBuildFile; fileRef = 3BCD9F27196D78690008962E /* ASIInputStream.m */; };
		3BCD9F35196D78690008962E /* ASINetworkQueue.m in Sources */ = {isa = PBXBuildFile; fileRef = 3BCD9F29196D78690008962E /* ASINetworkQueue.m */; };
		3BCD9F36196D78690008962E /* Reachability.m in Sources */ = {isa = PBXBuildFile; fileRef = 3BCD9F2D196D78690008962E /* Reachability.m */; };
		3BCD9F3C196D793F0008962E /* CFNetwork.framework in Frameworks */ = {isa = PBXBuildFile; fileRef = 3BCD9F3B196D793F0008962E /* CFNetwork.framework */; };
		3BCD9F3E196D79530008962E /* SystemConfiguration.framework in Frameworks */ = {isa = PBXBuildFile; fileRef = 3BCD9F3D196D79530008962E /* SystemConfiguration.framework */; };
		3BCD9F40196D79630008962E /* MobileCoreServices.framework in Frameworks */ = {isa = PBXBuildFile; fileRef = 3BCD9F3F196D79630008962E /* MobileCoreServices.framework */; };
		3BCD9F42196D79880008962E /* libxml2.2.dylib in Frameworks */ = {isa = PBXBuildFile; fileRef = 3BCD9F41196D79880008962E /* libxml2.2.dylib */; };
		3BCD9F44196D79940008962E /* libz.1.2.5.dylib in Frameworks */ = {isa = PBXBuildFile; fileRef = 3BCD9F43196D79940008962E /* libz.1.2.5.dylib */; };
/* End PBXBuildFile section */

/* Begin PBXContainerItemProxy section */
		3BCD9F01196D76A40008962E /* PBXContainerItemProxy */ = {
			isa = PBXContainerItemProxy;
			containerPortal = 3BCD9ED9196D76A40008962E /* Project object */;
			proxyType = 1;
			remoteGlobalIDString = 3BCD9EE0196D76A40008962E;
			remoteInfo = ASIHTTPRequset_Demo_0709;
		};
/* End PBXContainerItemProxy section */

/* Begin PBXFileReference section */
		3BCD9EE1196D76A40008962E /* ASIHTTPRequset_Demo_0709.app */ = {isa = PBXFileReference; explicitFileType = wrapper.application; includeInIndex = 0; path = ASIHTTPRequset_Demo_0709.app; sourceTree = BUILT_PRODUCTS_DIR; };
		3BCD9EE4196D76A40008962E /* Foundation.framework */ = {isa = PBXFileReference; lastKnownFileType = wrapper.framework; name = Foundation.framework; path = System/Library/Frameworks/Foundation.framework; sourceTree = SDKROOT; };
		3BCD9EE6196D76A40008962E /* CoreGraphics.framework */ = {isa = PBXFileReference; lastKnownFileType = wrapper.framework; name = CoreGraphics.framework; path = System/Library/Frameworks/CoreGraphics.framework; sourceTree = SDKROOT; };
		3BCD9EE8196D76A40008962E /* UIKit.framework */ = {isa = PBXFileReference; lastKnownFileType = wrapper.framework; name = UIKit.framework; path = System/Library/Frameworks/UIKit.framework; sourceTree = SDKROOT; };
		3BCD9EEC196D76A40008962E /* ASIHTTPRequset_Demo_0709-Info.plist */ = {isa = PBXFileReference; lastKnownFileType = text.plist.xml; path = "ASIHTTPRequset_Demo_0709-Info.plist"; sourceTree = "<group>"; };
		3BCD9EEE196D76A40008962E /* en */ = {isa = PBXFileReference; lastKnownFileType = text.plist.strings; name = en; path = en.lproj/InfoPlist.strings; sourceTree = "<group>"; };
		3BCD9EF0196D76A40008962E /* main.m */ = {isa = PBXFileReference; lastKnownFileType = sourcecode.c.objc; path = main.m; sourceTree = "<group>"; };
		3BCD9EF2196D76A40008962E /* ASIHTTPRequset_Demo_0709-Prefix.pch */ = {isa = PBXFileReference; lastKnownFileType = sourcecode.c.h; path = "ASIHTTPRequset_Demo_0709-Prefix.pch"; sourceTree = "<group>"; };
		3BCD9EF3196D76A40008962E /* AppDelegate.h */ = {isa = PBXFileReference; lastKnownFileType = sourcecode.c.h; path = AppDelegate.h; sourceTree = "<group>"; };
		3BCD9EF4196D76A40008962E /* AppDelegate.m */ = {isa = PBXFileReference; lastKnownFileType = sourcecode.c.objc; path = AppDelegate.m; sourceTree = "<group>"; };
		3BCD9EF6196D76A40008962E /* Images.xcassets */ = {isa = PBXFileReference; lastKnownFileType = folder.assetcatalog; path = Images.xcassets; sourceTree = "<group>"; };
		3BCD9EFC196D76A40008962E /* ASIHTTPRequset_Demo_0709Tests.xctest */ = {isa = PBXFileReference; explicitFileType = wrapper.cfbundle; includeInIndex = 0; path = ASIHTTPRequset_Demo_0709Tests.xctest; sourceTree = BUILT_PRODUCTS_DIR; };
		3BCD9EFD196D76A40008962E /* XCTest.framework */ = {isa = PBXFileReference; lastKnownFileType = wrapper.framework; name = XCTest.framework; path = Library/Frameworks/XCTest.framework; sourceTree = DEVELOPER_DIR; };
		3BCD9F05196D76A40008962E /* ASIHTTPRequset_Demo_0709Tests-Info.plist */ = {isa = PBXFileReference; lastKnownFileType = text.plist.xml; path = "ASIHTTPRequset_Demo_0709Tests-Info.plist"; sourceTree = "<group>"; };
		3BCD9F07196D76A40008962E /* en */ = {isa = PBXFileReference; lastKnownFileType = text.plist.strings; name = en; path = en.lproj/InfoPlist.strings; sourceTree = "<group>"; };
		3BCD9F09196D76A40008962E /* ASIHTTPRequset_Demo_0709Tests.m */ = {isa = PBXFileReference; lastKnownFileType = sourcecode.c.objc; path = ASIHTTPRequset_Demo_0709Tests.m; sourceTree = "<group>"; };
		3BCD9F13196D77FE0008962E /* WebImage.h */ = {isa = PBXFileReference; fileEncoding = 4; lastKnownFileType = sourcecode.c.h; path = WebImage.h; sourceTree = "<group>"; };
		3BCD9F14196D77FE0008962E /* WebImage.m */ = {isa = PBXFileReference; fileEncoding = 4; lastKnownFileType = sourcecode.c.objc; path = WebImage.m; sourceTree = "<group>"; };
		3BCD9F17196D78690008962E /* ASIAuthenticationDialog.h */ = {isa = PBXFileReference; fileEncoding = 4; lastKnownFileType = sourcecode.c.h; path = ASIAuthenticationDialog.h; sourceTree = "<group>"; };
		3BCD9F18196D78690008962E /* ASIAuthenticationDialog.m */ = {isa = PBXFileReference; fileEncoding = 4; lastKnownFileType = sourcecode.c.objc; path = ASIAuthenticationDialog.m; sourceTree = "<group>"; };
		3BCD9F19196D78690008962E /* ASICacheDelegate.h */ = {isa = PBXFileReference; fileEncoding = 4; lastKnownFileType = sourcecode.c.h; path = ASICacheDelegate.h; sourceTree = "<group>"; };
		3BCD9F1A196D78690008962E /* ASIDataCompressor.h */ = {isa = PBXFileReference; fileEncoding = 4; lastKnownFileType = sourcecode.c.h; path = ASIDataCompressor.h; sourceTree = "<group>"; };
		3BCD9F1B196D78690008962E /* ASIDataCompressor.m */ = {isa = PBXFileReference; fileEncoding = 4; lastKnownFileType = sourcecode.c.objc; path = ASIDataCompressor.m; sourceTree = "<group>"; };
		3BCD9F1C196D78690008962E /* ASIDataDecompressor.h */ = {isa = PBXFileReference; fileEncoding = 4; lastKnownFileType = sourcecode.c.h; path = ASIDataDecompressor.h; sourceTree = "<group>"; };
		3BCD9F1D196D78690008962E /* ASIDataDecompressor.m */ = {isa = PBXFileReference; fileEncoding = 4; lastKnownFileType = sourcecode.c.objc; path = ASIDataDecompressor.m; sourceTree = "<group>"; };
		3BCD9F1E196D78690008962E /* ASIDownloadCache.h */ = {isa = PBXFileReference; fileEncoding = 4; lastKnownFileType = sourcecode.c.h; path = ASIDownloadCache.h; sourceTree = "<group>"; };
		3BCD9F1F196D78690008962E /* ASIDownloadCache.m */ = {isa = PBXFileReference; fileEncoding = 4; lastKnownFileType = sourcecode.c.objc; path = ASIDownloadCache.m; sourceTree = "<group>"; };
		3BCD9F20196D78690008962E /* ASIFormDataRequest.h */ = {isa = PBXFileReference; fileEncoding = 4; lastKnownFileType = sourcecode.c.h; path = ASIFormDataRequest.h; sourceTree = "<group>"; };
		3BCD9F21196D78690008962E /* ASIFormDataRequest.m */ = {isa = PBXFileReference; fileEncoding = 4; lastKnownFileType = sourcecode.c.objc; path = ASIFormDataRequest.m; sourceTree = "<group>"; };
		3BCD9F22196D78690008962E /* ASIHTTPRequest.h */ = {isa = PBXFileReference; fileEncoding = 4; lastKnownFileType = sourcecode.c.h; path = ASIHTTPRequest.h; sourceTree = "<group>"; };
		3BCD9F23196D78690008962E /* ASIHTTPRequest.m */ = {isa = PBXFileReference; fileEncoding = 4; lastKnownFileType = sourcecode.c.objc; path = ASIHTTPRequest.m; sourceTree = "<group>"; };
		3BCD9F24196D78690008962E /* ASIHTTPRequestConfig.h */ = {isa = PBXFileReference; fileEncoding = 4; lastKnownFileType = sourcecode.c.h; path = ASIHTTPRequestConfig.h; sourceTree = "<group>"; };
		3BCD9F25196D78690008962E /* ASIHTTPRequestDelegate.h */ = {isa = PBXFileReference; fileEncoding = 4; lastKnownFileType = sourcecode.c.h; path = ASIHTTPRequestDelegate.h; sourceTree = "<group>"; };
		3BCD9F26196D78690008962E /* ASIInputStream.h */ = {isa = PBXFileReference; fileEncoding = 4; lastKnownFileType = sourcecode.c.h; path = ASIInputStream.h; sourceTree = "<group>"; };
		3BCD9F27196D78690008962E /* ASIInputStream.m */ = {isa = PBXFileReference; fileEncoding = 4; lastKnownFileType = sourcecode.c.objc; path = ASIInputStream.m; sourceTree = "<group>"; };
		3BCD9F28196D78690008962E /* ASINetworkQueue.h */ = {isa = PBXFileReference; fileEncoding = 4; lastKnownFileType = sourcecode.c.h; path = ASINetworkQueue.h; sourceTree = "<group>"; };
		3BCD9F29196D78690008962E /* ASINetworkQueue.m */ = {isa = PBXFileReference; fileEncoding = 4; lastKnownFileType = sourcecode.c.objc; path = ASINetworkQueue.m; sourceTree = "<group>"; };
		3BCD9F2A196D78690008962E /* ASIProgressDelegate.h */ = {isa = PBXFileReference; fileEncoding = 4; lastKnownFileType = sourcecode.c.h; path = ASIProgressDelegate.h; sourceTree = "<group>"; };
		3BCD9F2C196D78690008962E /* Reachability.h */ = {isa = PBXFileReference; fileEncoding = 4; lastKnownFileType = sourcecode.c.h; path = Reachability.h; sourceTree = "<group>"; };
		3BCD9F2D196D78690008962E /* Reachability.m */ = {isa = PBXFileReference; fileEncoding = 4; lastKnownFileType = sourcecode.c.objc; path = Reachability.m; sourceTree = "<group>"; };
		3BCD9F37196D79240008962E /* libz.dylib */ = {isa = PBXFileReference; lastKnownFileType = "compiled.mach-o.dylib"; name = libz.dylib; path = usr/lib/libz.dylib; sourceTree = SDKROOT; };
		3BCD9F39196D79320008962E /* libxml2.dylib */ = {isa = PBXFileReference; lastKnownFileType = "compiled.mach-o.dylib"; name = libxml2.dylib; path = usr/lib/libxml2.dylib; sourceTree = SDKROOT; };
		3BCD9F3B196D793F0008962E /* CFNetwork.framework */ = {isa = PBXFileReference; lastKnownFileType = wrapper.framework; name = CFNetwork.framework; path = System/Library/Frameworks/CFNetwork.framework; sourceTree = SDKROOT; };
		3BCD9F3D196D79530008962E /* SystemConfiguration.framework */ = {isa = PBXFileReference; lastKnownFileType = wrapper.framework; name = SystemConfiguration.framework; path = System/Library/Frameworks/SystemConfiguration.framework; sourceTree = SDKROOT; };
		3BCD9F3F196D79630008962E /* MobileCoreServices.framework */ = {isa = PBXFileReference; lastKnownFileType = wrapper.framework; name = MobileCoreServices.framework; path = System/Library/Frameworks/MobileCoreServices.framework; sourceTree = SDKROOT; };
		3BCD9F41196D79880008962E /* libxml2.2.dylib */ = {isa = PBXFileReference; lastKnownFileType = "compiled.mach-o.dylib"; name = libxml2.2.dylib; path = usr/lib/libxml2.2.dylib; sourceTree = SDKROOT; };
		3BCD9F43196D79940008962E /* libz.1.2.5.dylib */ = {isa = PBXFileReference; lastKnownFileType = "compiled.mach-o.dylib"; name = libz.1.2.5.dylib; path = usr/lib/libz.1.2.5.dylib; sourceTree = SDKROOT; };
/* End PBXFileReference section */

/* Begin PBXFrameworksBuildPhase section */
		3BCD9EDE196D76A40008962E /* Frameworks */ = {
			isa = PBXFrameworksBuildPhase;
			buildActionMask = 2147483647;
			files = (
				3BCD9F44196D79940008962E /* libz.1.2.5.dylib in Frameworks */,
				3BCD9F42196D79880008962E /* libxml2.2.dylib in Frameworks */,
				3BCD9F40196D79630008962E /* MobileCoreServices.framework in Frameworks */,
				3BCD9F3E196D79530008962E /* SystemConfiguration.framework in Frameworks */,
				3BCD9F3C196D793F0008962E /* CFNetwork.framework in Frameworks */,
				3BCD9EE7196D76A40008962E /* CoreGraphics.framework in Frameworks */,
				3BCD9EE9196D76A40008962E /* UIKit.framework in Frameworks */,
				3BCD9EE5196D76A40008962E /* Foundation.framework in Frameworks */,
			);
			runOnlyForDeploymentPostprocessing = 0;
		};
		3BCD9EF9196D76A40008962E /* Frameworks */ = {
			isa = PBXFrameworksBuildPhase;
			buildActionMask = 2147483647;
			files = (
				3BCD9EFE196D76A40008962E /* XCTest.framework in Frameworks */,
				3BCD9F00196D76A40008962E /* UIKit.framework in Frameworks */,
				3BCD9EFF196D76A40008962E /* Foundation.framework in Frameworks */,
			);
			runOnlyForDeploymentPostprocessing = 0;
		};
/* End PBXFrameworksBuildPhase section */

/* Begin PBXGroup section */
		3BCD9ED8196D76A40008962E = {
			isa = PBXGroup;
			children = (
				3BCD9EEA196D76A40008962E /* ASIHTTPRequset_Demo_0709 */,
				3BCD9F03196D76A40008962E /* ASIHTTPRequset_Demo_0709Tests */,
				3BCD9EE3196D76A40008962E /* Frameworks */,
				3BCD9EE2196D76A40008962E /* Products */,
			);
			sourceTree = "<group>";
		};
		3BCD9EE2196D76A40008962E /* Products */ = {
			isa = PBXGroup;
			children = (
				3BCD9EE1196D76A40008962E /* ASIHTTPRequset_Demo_0709.app */,
				3BCD9EFC196D76A40008962E /* ASIHTTPRequset_Demo_0709Tests.xctest */,
			);
			name = Products;
			sourceTree = "<group>";
		};
		3BCD9EE3196D76A40008962E /* Frameworks */ = {
			isa = PBXGroup;
			children = (
				3BCD9F43196D79940008962E /* libz.1.2.5.dylib */,
				3BCD9F41196D79880008962E /* libxml2.2.dylib */,
				3BCD9F3F196D79630008962E /* MobileCoreServices.framework */,
				3BCD9F3D196D79530008962E /* SystemConfiguration.framework */,
				3BCD9F3B196D793F0008962E /* CFNetwork.framework */,
				3BCD9F39196D79320008962E /* libxml2.dylib */,
				3BCD9F37196D79240008962E /* libz.dylib */,
				3BCD9EE4196D76A40008962E /* Foundation.framework */,
				3BCD9EE6196D76A40008962E /* CoreGraphics.framework */,
				3BCD9EE8196D76A40008962E /* UIKit.framework */,
				3BCD9EFD196D76A40008962E /* XCTest.framework */,
			);
			name = Frameworks;
			sourceTree = "<group>";
		};
		3BCD9EEA196D76A40008962E /* ASIHTTPRequset_Demo_0709 */ = {
			isa = PBXGroup;
			children = (
				3BCD9EF3196D76A40008962E /* AppDelegate.h */,
				3BCD9EF4196D76A40008962E /* AppDelegate.m */,
				3BCD9F13196D77FE0008962E /* WebImage.h */,
				3BCD9F14196D77FE0008962E /* WebImage.m */,
				3BCD9EF6196D76A40008962E /* Images.xcassets */,
				3BCD9F16196D78690008962E /* ASIHttpRequest */,
				3BCD9EEB196D76A40008962E /* Supporting Files */,
			);
			path = ASIHTTPRequset_Demo_0709;
			sourceTree = "<group>";
		};
		3BCD9EEB196D76A40008962E /* Supporting Files */ = {
			isa = PBXGroup;
			children = (
				3BCD9EEC196D76A40008962E /* ASIHTTPRequset_Demo_0709-Info.plist */,
				3BCD9EED196D76A40008962E /* InfoPlist.strings */,
				3BCD9EF0196D76A40008962E /* main.m */,
				3BCD9EF2196D76A40008962E /* ASIHTTPRequset_Demo_0709-Prefix.pch */,
			);
			name = "Supporting Files";
			sourceTree = "<group>";
		};
		3BCD9F03196D76A40008962E /* ASIHTTPRequset_Demo_0709Tests */ = {
			isa = PBXGroup;
			children = (
				3BCD9F09196D76A40008962E /* ASIHTTPRequset_Demo_0709Tests.m */,
				3BCD9F04196D76A40008962E /* Supporting Files */,
			);
			path = ASIHTTPRequset_Demo_0709Tests;
			sourceTree = "<group>";
		};
		3BCD9F04196D76A40008962E /* Supporting Files */ = {
			isa = PBXGroup;
			children = (
				3BCD9F05196D76A40008962E /* ASIHTTPRequset_Demo_0709Tests-Info.plist */,
				3BCD9F06196D76A40008962E /* InfoPlist.strings */,
			);
			name = "Supporting Files";
			sourceTree = "<group>";
		};
		3BCD9F16196D78690008962E /* ASIHttpRequest */ = {
			isa = PBXGroup;
			children = (
				3BCD9F17196D78690008962E /* ASIAuthenticationDialog.h */,
				3BCD9F18196D78690008962E /* ASIAuthenticationDialog.m */,
				3BCD9F19196D78690008962E /* ASICacheDelegate.h */,
				3BCD9F1A196D78690008962E /* ASIDataCompressor.h */,
				3BCD9F1B196D78690008962E /* ASIDataCompressor.m */,
				3BCD9F1C196D78690008962E /* ASIDataDecompressor.h */,
				3BCD9F1D196D78690008962E /* ASIDataDecompressor.m */,
				3BCD9F1E196D78690008962E /* ASIDownloadCache.h */,
				3BCD9F1F196D78690008962E /* ASIDownloadCache.m */,
				3BCD9F20196D78690008962E /* ASIFormDataRequest.h */,
				3BCD9F21196D78690008962E /* ASIFormDataRequest.m */,
				3BCD9F22196D78690008962E /* ASIHTTPRequest.h */,
				3BCD9F23196D78690008962E /* ASIHTTPRequest.m */,
				3BCD9F24196D78690008962E /* ASIHTTPRequestConfig.h */,
				3BCD9F25196D78690008962E /* ASIHTTPRequestDelegate.h */,
				3BCD9F26196D78690008962E /* ASIInputStream.h */,
				3BCD9F27196D78690008962E /* ASIInputStream.m */,
				3BCD9F28196D78690008962E /* ASINetworkQueue.h */,
				3BCD9F29196D78690008962E /* ASINetworkQueue.m */,
				3BCD9F2A196D78690008962E /* ASIProgressDelegate.h */,
				3BCD9F2B196D78690008962E /* Reachability */,
			);
			path = ASIHttpRequest;
			sourceTree = "<group>";
		};
		3BCD9F2B196D78690008962E /* Reachability */ = {
			isa = PBXGroup;
			children = (
				3BCD9F2C196D78690008962E /* Reachability.h */,
				3BCD9F2D196D78690008962E /* Reachability.m */,
			);
			path = Reachability;
			sourceTree = "<group>";
		};
/* End PBXGroup section */

/* Begin PBXNativeTarget section */
		3BCD9EE0196D76A40008962E /* ASIHTTPRequset_Demo_0709 */ = {
			isa = PBXNativeTarget;
			buildConfigurationList = 3BCD9F0D196D76A40008962E /* Build configuration list for PBXNativeTarget "ASIHTTPRequset_Demo_0709" */;
			buildPhases = (
				3BCD9EDD196D76A40008962E /* Sources */,
				3BCD9EDE196D76A40008962E /* Frameworks */,
				3BCD9EDF196D76A40008962E /* Resources */,
			);
			buildRules = (
			);
			dependencies = (
			);
			name = ASIHTTPRequset_Demo_0709;
			productName = ASIHTTPRequset_Demo_0709;
			productReference = 3BCD9EE1196D76A40008962E /* ASIHTTPRequset_Demo_0709.app */;
			productType = "com.apple.product-type.application";
		};
		3BCD9EFB196D76A40008962E /* ASIHTTPRequset_Demo_0709Tests */ = {
			isa = PBXNativeTarget;
			buildConfigurationList = 3BCD9F10196D76A40008962E /* Build configuration list for PBXNativeTarget "ASIHTTPRequset_Demo_0709Tests" */;
			buildPhases = (
				3BCD9EF8196D76A40008962E /* Sources */,
				3BCD9EF9196D76A40008962E /* Frameworks */,
				3BCD9EFA196D76A40008962E /* Resources */,
			);
			buildRules = (
			);
			dependencies = (
				3BCD9F02196D76A40008962E /* PBXTargetDependency */,
			);
			name = ASIHTTPRequset_Demo_0709Tests;
			productName = ASIHTTPRequset_Demo_0709Tests;
			productReference = 3BCD9EFC196D76A40008962E /* ASIHTTPRequset_Demo_0709Tests.xctest */;
			productType = "com.apple.product-type.bundle.unit-test";
		};
/* End PBXNativeTarget section */

/* Begin PBXProject section */
		3BCD9ED9196D76A40008962E /* Project object */ = {
			isa = PBXProject;
			attributes = {
				LastUpgradeCheck = 0510;
				ORGANIZATIONNAME = "pan dabo";
				TargetAttributes = {
					3BCD9EFB196D76A40008962E = {
						TestTargetID = 3BCD9EE0196D76A40008962E;
					};
				};
			};
			buildConfigurationList = 3BCD9EDC196D76A40008962E /* Build configuration list for PBXProject "ASIHTTPRequset_Demo_0709" */;
			compatibilityVersion = "Xcode 3.2";
			developmentRegion = English;
			hasScannedForEncodings = 0;
			knownRegions = (
				en,
			);
			mainGroup = 3BCD9ED8196D76A40008962E;
			productRefGroup = 3BCD9EE2196D76A40008962E /* Products */;
			projectDirPath = "";
			projectRoot = "";
			targets = (
				3BCD9EE0196D76A40008962E /* ASIHTTPRequset_Demo_0709 */,
				3BCD9EFB196D76A40008962E /* ASIHTTPRequset_Demo_0709Tests */,
			);
		};
/* End PBXProject section */

/* Begin PBXResourcesBuildPhase section */
		3BCD9EDF196D76A40008962E /* Resources */ = {
			isa = PBXResourcesBuildPhase;
			buildActionMask = 2147483647;
			files = (
				3BCD9EEF196D76A40008962E /* InfoPlist.strings in Resources */,
				3BCD9EF7196D76A40008962E /* Images.xcassets in Resources */,
			);
			runOnlyForDeploymentPostprocessing = 0;
		};
		3BCD9EFA196D76A40008962E /* Resources */ = {
			isa = PBXResourcesBuildPhase;
			buildActionMask = 2147483647;
			files = (
				3BCD9F08196D76A40008962E /* InfoPlist.strings in Resources */,
			);
			runOnlyForDeploymentPostprocessing = 0;
		};
/* End PBXResourcesBuildPhase section */

/* Begin PBXSourcesBuildPhase section */
		3BCD9EDD196D76A40008962E /* Sources */ = {
			isa = PBXSourcesBuildPhase;
			buildActionMask = 2147483647;
			files = (
				3BCD9F2F196D78690008962E /* ASIDataCompressor.m in Sources */,
				3BCD9EF5196D76A40008962E /* AppDelegate.m in Sources */,
				3BCD9F33196D78690008962E /* ASIHTTPRequest.m in Sources */,
				3BCD9F2E196D78690008962E /* ASIAuthenticationDialog.m in Sources */,
				3BCD9F32196D78690008962E /* ASIFormDataRequest.m in Sources */,
				3BCD9F15196D77FE0008962E /* WebImage.m in Sources */,
				3BCD9F34196D78690008962E /* ASIInputStream.m in Sources */,
				3BCD9EF1196D76A40008962E /* main.m in Sources */,
				3BCD9F35196D78690008962E /* ASINetworkQueue.m in Sources */,
				3BCD9F30196D78690008962E /* ASIDataDecompressor.m in Sources */,
				3BCD9F36196D78690008962E /* Reachability.m in Sources */,
				3BCD9F31196D78690008962E /* ASIDownloadCache.m in Sources */,
			);
			runOnlyForDeploymentPostprocessing = 0;
		};
		3BCD9EF8196D76A40008962E /* Sources */ = {
			isa = PBXSourcesBuildPhase;
			buildActionMask = 2147483647;
			files = (
				3BCD9F0A196D76A40008962E /* ASIHTTPRequset_Demo_0709Tests.m in Sources */,
			);
			runOnlyForDeploymentPostprocessing = 0;
		};
/* End PBXSourcesBuildPhase section */

/* Begin PBXTargetDependency section */
		3BCD9F02196D76A40008962E /* PBXTargetDependency */ = {
			isa = PBXTargetDependency;
			target = 3BCD9EE0196D76A40008962E /* ASIHTTPRequset_Demo_0709 */;
			targetProxy = 3BCD9F01196D76A40008962E /* PBXContainerItemProxy */;
		};
/* End PBXTargetDependency section */

/* Begin PBXVariantGroup section */
		3BCD9EED196D76A40008962E /* InfoPlist.strings */ = {
			isa = PBXVariantGroup;
			children = (
				3BCD9EEE196D76A40008962E /* en */,
			);
			name = InfoPlist.strings;
			sourceTree = "<group>";
		};
		3BCD9F06196D76A40008962E /* InfoPlist.strings */ = {
			isa = PBXVariantGroup;
			children = (
				3BCD9F07196D76A40008962E /* en */,
			);
			name = InfoPlist.strings;
			sourceTree = "<group>";
		};
/* End PBXVariantGroup section */

/* Begin XCBuildConfiguration section */
		3BCD9F0B196D76A40008962E /* Debug */ = {
			isa = XCBuildConfiguration;
			buildSettings = {
				ALWAYS_SEARCH_USER_PATHS = NO;
				CLANG_CXX_LANGUAGE_STANDARD = "gnu++0x";
				CLANG_CXX_LIBRARY = "libc++";
				CLANG_ENABLE_MODULES = YES;
				CLANG_ENABLE_OBJC_ARC = NO;
				CLANG_WARN_BOOL_CONVERSION = YES;
				CLANG_WARN_CONSTANT_CONVERSION = YES;
				CLANG_WARN_DIRECT_OBJC_ISA_USAGE = YES_ERROR;
				CLANG_WARN_EMPTY_BODY = YES;
				CLANG_WARN_ENUM_CONVERSION = YES;
				CLANG_WARN_INT_CONVERSION = YES;
				CLANG_WARN_OBJC_ROOT_CLASS = YES_ERROR;
				CLANG_WARN__DUPLICATE_METHOD_MATCH = YES;
				"CODE_SIGN_IDENTITY[sdk=iphoneos*]" = "iPhone Developer";
				COPY_PHASE_STRIP = NO;
				GCC_C_LANGUAGE_STANDARD = gnu99;
				GCC_DYNAMIC_NO_PIC = NO;
				GCC_OPTIMIZATION_LEVEL = 0;
				GCC_PREPROCESSOR_DEFINITIONS = (
					"DEBUG=1",
					"$(inherited)",
				);
				GCC_SYMBOLS_PRIVATE_EXTERN = NO;
				GCC_WARN_64_TO_32_BIT_CONVERSION = YES;
				GCC_WARN_ABOUT_RETURN_TYPE = YES_ERROR;
				GCC_WARN_UNDECLARED_SELECTOR = YES;
				GCC_WARN_UNINITIALIZED_AUTOS = YES_AGGRESSIVE;
				GCC_WARN_UNUSED_FUNCTION = YES;
				GCC_WARN_UNUSED_VARIABLE = YES;
				IPHONEOS_DEPLOYMENT_TARGET = 7.1;
				ONLY_ACTIVE_ARCH = YES;
				SDKROOT = iphoneos;
			};
			name = Debug;
		};
		3BCD9F0C196D76A40008962E /* Release */ = {
			isa = XCBuildConfiguration;
			buildSettings = {
				ALWAYS_SEARCH_USER_PATHS = NO;
				CLANG_CXX_LANGUAGE_STANDARD = "gnu++0x";
				CLANG_CXX_LIBRARY = "libc++";
				CLANG_ENABLE_MODULES = YES;
				CLANG_ENABLE_OBJC_ARC = NO;
				CLANG_WARN_BOOL_CONVERSION = YES;
				CLANG_WARN_CONSTANT_CONVERSION = YES;
				CLANG_WARN_DIRECT_OBJC_ISA_USAGE = YES_ERROR;
				CLANG_WARN_EMPTY_BODY = YES;
				CLANG_WARN_ENUM_CONVERSION = YES;
				CLANG_WARN_INT_CONVERSION = YES;
				CLANG_WARN_OBJC_ROOT_CLASS = YES_ERROR;
				CLANG_WARN__DUPLICATE_METHOD_MATCH = YES;
				"CODE_SIGN_IDENTITY[sdk=iphoneos*]" = "iPhone Developer";
				COPY_PHASE_STRIP = YES;
				ENABLE_NS_ASSERTIONS = NO;
				GCC_C_LANGUAGE_STANDARD = gnu99;
				GCC_WARN_64_TO_32_BIT_CONVERSION = YES;
				GCC_WARN_ABOUT_RETURN_TYPE = YES_ERROR;
				GCC_WARN_UNDECLARED_SELECTOR = YES;
				GCC_WARN_UNINITIALIZED_AUTOS = YES_AGGRESSIVE;
				GCC_WARN_UNUSED_FUNCTION = YES;
				GCC_WARN_UNUSED_VARIABLE = YES;
				IPHONEOS_DEPLOYMENT_TARGET = 7.1;
				SDKROOT = iphoneos;
				VALIDATE_PRODUCT = YES;
			};
			name = Release;
		};
		3BCD9F0E196D76A40008962E /* Debug */ = {
			isa = XCBuildConfiguration;
			buildSettings = {
				ASSETCATALOG_COMPILER_APPICON_NAME = AppIcon;
				ASSETCATALOG_COMPILER_LAUNCHIMAGE_NAME = LaunchImage;
				GCC_PRECOMPILE_PREFIX_HEADER = YES;
				GCC_PREFIX_HEADER = "ASIHTTPRequset_Demo_0709/ASIHTTPRequset_Demo_0709-Prefix.pch";
				INFOPLIST_FILE = "ASIHTTPRequset_Demo_0709/ASIHTTPRequset_Demo_0709-Info.plist";
				PRODUCT_NAME = "$(TARGET_NAME)";
				WRAPPER_EXTENSION = app;
			};
			name = Debug;
		};
		3BCD9F0F196D76A40008962E /* Release */ = {
			isa = XCBuildConfiguration;
			buildSettings = {
				ASSETCATALOG_COMPILER_APPICON_NAME = AppIcon;
				ASSETCATALOG_COMPILER_LAUNCHIMAGE_NAME = LaunchImage;
				GCC_PRECOMPILE_PREFIX_HEADER = YES;
				GCC_PREFIX_HEADER = "ASIHTTPRequset_Demo_0709/ASIHTTPRequset_Demo_0709-Prefix.pch";
				INFOPLIST_FILE = "ASIHTTPRequset_Demo_0709/ASIHTTPRequset_Demo_0709-Info.plist";
				PRODUCT_NAME = "$(TARGET_NAME)";
				WRAPPER_EXTENSION = app;
			};
			name = Release;
		};
		3BCD9F11196D76A40008962E /* Debug */ = {
			isa = XCBuildConfiguration;
			buildSettings = {
				BUNDLE_LOADER = "$(BUILT_PRODUCTS_DIR)/ASIHTTPRequset_Demo_0709.app/ASIHTTPRequset_Demo_0709";
				FRAMEWORK_SEARCH_PATHS = (
					"$(SDKROOT)/Developer/Library/Frameworks",
					"$(inherited)",
					"$(DEVELOPER_FRAMEWORKS_DIR)",
				);
				GCC_PRECOMPILE_PREFIX_HEADER = YES;
				GCC_PREFIX_HEADER = "ASIHTTPRequset_Demo_0709/ASIHTTPRequset_Demo_0709-Prefix.pch";
				GCC_PREPROCESSOR_DEFINITIONS = (
					"DEBUG=1",
					"$(inherited)",
				);
				INFOPLIST_FILE = "ASIHTTPRequset_Demo_0709Tests/ASIHTTPRequset_Demo_0709Tests-Info.plist";
				PRODUCT_NAME = "$(TARGET_NAME)";
				TEST_HOST = "$(BUNDLE_LOADER)";
				WRAPPER_EXTENSION = xctest;
			};
			name = Debug;
		};
		3BCD9F12196D76A40008962E /* Release */ = {
			isa = XCBuildConfiguration;
			buildSettings = {
				BUNDLE_LOADER = "$(BUILT_PRODUCTS_DIR)/ASIHTTPRequset_Demo_0709.app/ASIHTTPRequset_Demo_0709";
				FRAMEWORK_SEARCH_PATHS = (
					"$(SDKROOT)/Developer/Library/Frameworks",
					"$(inherited)",
					"$(DEVELOPER_FRAMEWORKS_DIR)",
				);
				GCC_PRECOMPILE_PREFIX_HEADER = YES;
				GCC_PREFIX_HEADER = "ASIHTTPRequset_Demo_0709/ASIHTTPRequset_Demo_0709-Prefix.pch";
				INFOPLIST_FILE = "ASIHTTPRequset_Demo_0709Tests/ASIHTTPRequset_Demo_0709Tests-Info.plist";
				PRODUCT_NAME = "$(TARGET_NAME)";
				TEST_HOST = "$(BUNDLE_LOADER)";
				WRAPPER_EXTENSION = xctest;
			};
			name = Release;
		};
/* End XCBuildConfiguration section */

/* Begin XCConfigurationList section */
		3BCD9EDC196D76A40008962E /* Build configuration list for PBXProject "ASIHTTPRequset_Demo_0709" */ = {
			isa = XCConfigurationList;
			buildConfigurations = (
				3BCD9F0B196D76A40008962E /* Debug */,
				3BCD9F0C196D76A40008962E /* Release */,
			);
			defaultConfigurationIsVisible = 0;
			defaultConfigurationName = Release;
		};
		3BCD9F0D196D76A40008962E /* Build configuration list for PBXNativeTarget "ASIHTTPRequset_Demo_0709" */ = {
			isa = XCConfigurationList;
			buildConfigurations = (
				3BCD9F0E196D76A40008962E /* Debug */,
				3BCD9F0F196D76A40008962E /* Release */,
			);
			defaultConfigurationIsVisible = 0;
		};
		3BCD9F10196D76A40008962E /* Build configuration list for PBXNativeTarget "ASIHTTPRequset_Demo_0709Tests" */ = {
			isa = XCConfigurationList;
			buildConfigurations = (
				3BCD9F11196D76A40008962E /* Debug */,
				3BCD9F12196D76A40008962E /* Release */,
			);
			defaultConfigurationIsVisible = 0;
		};
/* End XCConfigurationList section */
	};
	rootObject = 3BCD9ED9196D76A40008962E /* Project object */;
}
